
Microsoft Visual Studio Solution File, Format Version 12.00
# Visual Studio 15
VisualStudioVersion = 15.0.28010.2026
MinimumVisualStudioVersion = 10.0.40219.1
Project("{FAE04EC0-301F-11D3-BF4B-00C04F79EFBC}") = "RESTDiceExam", "RESTDiceExam\RESTDiceExam.csproj", "{105B4B44-73CE-41B6-ABBB-5E05F9929012}"
EndProject
Global
	GlobalSection(SolutionConfigurationPlatforms) = preSolution
		Debug|Any CPU = Debug|Any CPU
		Release|Any CPU = Release|Any CPU
	EndGlobalSection
	GlobalSection(ProjectConfigurationPlatforms) = postSolution
		{105B4B44-73CE-41B6-ABBB-5E05F9929012}.Debug|Any CPU.ActiveCfg = Debug|Any CPU
		{105B4B44-73CE-41B6-ABBB-5E05F9929012}.Debug|Any CPU.Build.0 = Debug|Any CPU
		{105B4B44-73CE-41B6-ABBB-5E05F9929012}.Release|Any CPU.ActiveCfg = Release|Any CPU
		{105B4B44-73CE-41B6-ABBB-5E05F9929012}.Release|Any CPU.Build.0 = Release|Any CPU
	EndGlobalSection
	GlobalSection(SolutionProperties) = preSolution
		HideSolutionNode = FALSE
	EndGlobalSection
	GlobalSection(ExtensibilityGlobals) = postSolution
		SolutionGuid = {9E53E131-A972-4F70-AA99-EF1812D73668}
	EndGlobalSection
EndGlobal
